
Microsoft Visual Studio Solution File, Format Version 12.00
# Visual Studio Version 17
VisualStudioVersion = 17.4.33213.308
MinimumVisualStudioVersion = 10.0.40219.1
Project("{9A19103F-16F7-4668-BE54-9A1E7A4F7556}") = "YatzyPoints", "YatzyPoints\YatzyPoints.csproj", "{69CA8D6F-A53C-4CEF-8BB9-60C16847D6D8}"
EndProject
Project("{9A19103F-16F7-4668-BE54-9A1E7A4F7556}") = "TestYatzyPoints", "TestYatzyPoints\TestYatzyPoints.csproj", "{3F27E89D-6277-4322-8A8C-A0AB4DBD3ED8}"
EndProject
Global
	GlobalSection(SolutionConfigurationPlatforms) = preSolution
		Debug|Any CPU = Debug|Any CPU
		Release|Any CPU = Release|Any CPU
	EndGlobalSection
	GlobalSection(ProjectConfigurationPlatforms) = postSolution
		{69CA8D6F-A53C-4CEF-8BB9-60C16847D6D8}.Debug|Any CPU.ActiveCfg = Debug|Any CPU
		{69CA8D6F-A53C-4CEF-8BB9-60C16847D6D8}.Debug|Any CPU.Build.0 = Debug|Any CPU
		{69CA8D6F-A53C-4CEF-8BB9-60C16847D6D8}.Release|Any CPU.ActiveCfg = Release|Any CPU
		{69CA8D6F-A53C-4CEF-8BB9-60C16847D6D8}.Release|Any CPU.Build.0 = Release|Any CPU
		{3F27E89D-6277-4322-8A8C-A0AB4DBD3ED8}.Debug|Any CPU.ActiveCfg = Debug|Any CPU
		{3F27E89D-6277-4322-8A8C-A0AB4DBD3ED8}.Debug|Any CPU.Build.0 = Debug|Any CPU
		{3F27E89D-6277-4322-8A8C-A0AB4DBD3ED8}.Release|Any CPU.ActiveCfg = Release|Any CPU
		{3F27E89D-6277-4322-8A8C-A0AB4DBD3ED8}.Release|Any CPU.Build.0 = Release|Any CPU
	EndGlobalSection
	GlobalSection(SolutionProperties) = preSolution
		HideSolutionNode = FALSE
	EndGlobalSection
	GlobalSection(ExtensibilityGlobals) = postSolution
		SolutionGuid = {A6B53875-01CB-45E0-A897-B5FF9259DCDC}
	EndGlobalSection
EndGlobal
